
Microsoft Visual Studio Solution File, Format Version 12.00
# Visual Studio Version 16
VisualStudioVersion = 16.0.30717.126
MinimumVisualStudioVersion = 10.0.40219.1
Project("{9A19103F-16F7-4668-BE54-9A1E7A4F7556}") = "DataAccess", "DataAccess\DataAccess.csproj", "{8C5D3481-AB3A-409E-97DA-4343EBE22E70}"
EndProject
Project("{9A19103F-16F7-4668-BE54-9A1E7A4F7556}") = "Entities", "Entities\Entities.csproj", "{B202FED4-B8DC-4284-812D-64E222856BCB}"
EndProject
Project("{9A19103F-16F7-4668-BE54-9A1E7A4F7556}") = "Business", "Business\Business.csproj", "{387FD628-235E-4DE1-9393-CD3F76CA321D}"
EndProject
Project("{9A19103F-16F7-4668-BE54-9A1E7A4F7556}") = "ConsoleUI", "ConsoleUI\ConsoleUI.csproj", "{BB54A28F-1BA1-4CBF-BDA8-8EAC92E9901A}"
EndProject
Project("{9A19103F-16F7-4668-BE54-9A1E7A4F7556}") = "Core", "Core\Core.csproj", "{6693F016-7C76-4070-9433-2413AB52A1D2}"
EndProject
Project("{FAE04EC0-301F-11D3-BF4B-00C04F79EFBC}") = "WebAPI", "WebAPI\WebAPI.csproj", "{A038972F-FBCA-4299-B919-2B2857C9ECD3}"
EndProject
Global
	GlobalSection(SolutionConfigurationPlatforms) = preSolution
		Debug|Any CPU = Debug|Any CPU
		Release|Any CPU = Release|Any CPU
	EndGlobalSection
	GlobalSection(ProjectConfigurationPlatforms) = postSolution
		{8C5D3481-AB3A-409E-97DA-4343EBE22E70}.Debug|Any CPU.ActiveCfg = Debug|Any CPU
		{8C5D3481-AB3A-409E-97DA-4343EBE22E70}.Debug|Any CPU.Build.0 = Debug|Any CPU
		{8C5D3481-AB3A-409E-97DA-4343EBE22E70}.Release|Any CPU.ActiveCfg = Release|Any CPU
		{8C5D3481-AB3A-409E-97DA-4343EBE22E70}.Release|Any CPU.Build.0 = Release|Any CPU
		{B202FED4-B8DC-4284-812D-64E222856BCB}.Debug|Any CPU.ActiveCfg = Debug|Any CPU
		{B202FED4-B8DC-4284-812D-64E222856BCB}.Debug|Any CPU.Build.0 = Debug|Any CPU
		{B202FED4-B8DC-4284-812D-64E222856BCB}.Release|Any CPU.ActiveCfg = Release|Any CPU
		{B202FED4-B8DC-4284-812D-64E222856BCB}.Release|Any CPU.Build.0 = Release|Any CPU
		{387FD628-235E-4DE1-9393-CD3F76CA321D}.Debug|Any CPU.ActiveCfg = Debug|Any CPU
		{387FD628-235E-4DE1-9393-CD3F76CA321D}.Debug|Any CPU.Build.0 = Debug|Any CPU
		{387FD628-235E-4DE1-9393-CD3F76CA321D}.Release|Any CPU.ActiveCfg = Release|Any CPU
		{387FD628-235E-4DE1-9393-CD3F76CA321D}.Release|Any CPU.Build.0 = Release|Any CPU
		{BB54A28F-1BA1-4CBF-BDA8-8EAC92E9901A}.Debug|Any CPU.ActiveCfg = Debug|Any CPU
		{BB54A28F-1BA1-4CBF-BDA8-8EAC92E9901A}.Debug|Any CPU.Build.0 = Debug|Any CPU
		{BB54A28F-1BA1-4CBF-BDA8-8EAC92E9901A}.Release|Any CPU.ActiveCfg = Release|Any CPU
		{BB54A28F-1BA1-4CBF-BDA8-8EAC92E9901A}.Release|Any CPU.Build.0 = Release|Any CPU
		{6693F016-7C76-4070-9433-2413AB52A1D2}.Debug|Any CPU.ActiveCfg = Debug|Any CPU
		{6693F016-7C76-4070-9433-2413AB52A1D2}.Debug|Any CPU.Build.0 = Debug|Any CPU
		{6693F016-7C76-4070-9433-2413AB52A1D2}.Release|Any CPU.ActiveCfg = Release|Any CPU
		{6693F016-7C76-4070-9433-2413AB52A1D2}.Release|Any CPU.Build.0 = Release|Any CPU
		{A038972F-FBCA-4299-B919-2B2857C9ECD3}.Debug|Any CPU.ActiveCfg = Debug|Any CPU
		{A038972F-FBCA-4299-B919-2B2857C9ECD3}.Debug|Any CPU.Build.0 = Debug|Any CPU
		{A038972F-FBCA-4299-B919-2B2857C9ECD3}.Release|Any CPU.ActiveCfg = Release|Any CPU
		{A038972F-FBCA-4299-B919-2B2857C9ECD3}.Release|Any CPU.Build.0 = Release|Any CPU
	EndGlobalSection
	GlobalSection(SolutionProperties) = preSolution
		HideSolutionNode = FALSE
	EndGlobalSection
	GlobalSection(ExtensibilityGlobals) = postSolution
		SolutionGuid = {0F5FA19B-3873-4156-9C9F-568B90DE50D2}
	EndGlobalSection
EndGlobal
